// !$*UTF8*$!
{
	archiveVersion = 1;
	classes = {
	};
	objectVersion = 46;
	objects = {

/* Begin PBXBuildFile section */
		2259C60E1EF955D900893A40 /* PPTableViewCell.swift in Sources */ = {isa = PBXBuildFile; fileRef = 2259C60C1EF955D900893A40 /* PPTableViewCell.swift */; };
		2259C60F1EF955D900893A40 /* PPTableViewCell.xib in Resources */ = {isa = PBXBuildFile; fileRef = 2259C60D1EF955D900893A40 /* PPTableViewCell.xib */; };
		2259C6111EF9564B00893A40 /* PPNavigationController.swift in Sources */ = {isa = PBXBuildFile; fileRef = 2259C6101EF9564B00893A40 /* PPNavigationController.swift */; };
		2297A14A1EF4FFB500868512 /* Assets.xcassets in Resources */ = {isa = PBXBuildFile; fileRef = 2297A1491EF4FFB500868512 /* Assets.xcassets */; };
		2297A14D1EF4FFB500868512 /* LaunchScreen.storyboard in Resources */ = {isa = PBXBuildFile; fileRef = 2297A14B1EF4FFB500868512 /* LaunchScreen.storyboard */; };
		2297A1581EF4FFB600868512 /* PPBadgeViewSwiftTests.swift in Sources */ = {isa = PBXBuildFile; fileRef = 2297A1571EF4FFB600868512 /* PPBadgeViewSwiftTests.swift */; };
		2297A18F1EF7FEF700868512 /* AppDelegate.swift in Sources */ = {isa = PBXBuildFile; fileRef = 2297A18D1EF7FEF700868512 /* AppDelegate.swift */; };
		2297A1911EF7FF3200868512 /* PPTabBarController.swift in Sources */ = {isa = PBXBuildFile; fileRef = 2297A1901EF7FF3200868512 /* PPTabBarController.swift */; };
		2297A1941EF7FF6200868512 /* PPViewController1.swift in Sources */ = {isa = PBXBuildFile; fileRef = 2297A1921EF7FF6200868512 /* PPViewController1.swift */; };
		2297A1951EF7FF6200868512 /* PPViewController1.xib in Resources */ = {isa = PBXBuildFile; fileRef = 2297A1931EF7FF6200868512 /* PPViewController1.xib */; };
		2297A1971EF7FF7C00868512 /* PPViewController2.swift in Sources */ = {isa = PBXBuildFile; fileRef = 2297A1961EF7FF7C00868512 /* PPViewController2.swift */; };
		2297A1991EF7FF8C00868512 /* PPViewController3.swift in Sources */ = {isa = PBXBuildFile; fileRef = 2297A1981EF7FF8C00868512 /* PPViewController3.swift */; };
		2297A19B1EF7FF9A00868512 /* PPViewController4.swift in Sources */ = {isa = PBXBuildFile; fileRef = 2297A19A1EF7FF9A00868512 /* PPViewController4.swift */; };
		22F186881EF8082D00C59CF7 /* PPBadgeLabel.swift in Sources */ = {isa = PBXBuildFile; fileRef = 22F186871EF8082D00C59CF7 /* PPBadgeLabel.swift */; };
		22F1868A1EF809DE00C59CF7 /* UIView+PPBadgeView.swift in Sources */ = {isa = PBXBuildFile; fileRef = 22F186891EF809DE00C59CF7 /* UIView+PPBadgeView.swift */; };
		22F1868C1EF8238D00C59CF7 /* UIBarButtonItem+PPBadgeView.swift in Sources */ = {isa = PBXBuildFile; fileRef = 22F1868B1EF8238D00C59CF7 /* UIBarButtonItem+PPBadgeView.swift */; };
		22F186901EF823BA00C59CF7 /* UITabBarItem+PPBadgeView.swift in Sources */ = {isa = PBXBuildFile; fileRef = 22F1868F1EF823BA00C59CF7 /* UITabBarItem+PPBadgeView.swift */; };
/* End PBXBuildFile section */

/* Begin PBXContainerItemProxy section */
		2297A1541EF4FFB500868512 /* PBXContainerItemProxy */ = {
			isa = PBXContainerItemProxy;
			containerPortal = 2297A1371EF4FFB500868512 /* Project object */;
			proxyType = 1;
			remoteGlobalIDString = 2297A13E1EF4FFB500868512;
			remoteInfo = PPBadgeViewSwift;
		};
/* End PBXContainerItemProxy section */

/* Begin PBXFileReference section */
		2259C60C1EF955D900893A40 /* PPTableViewCell.swift */ = {isa = PBXFileReference; fileEncoding = 4; lastKnownFileType = sourcecode.swift; name = PPTableViewCell.swift; path = PPBadgeViewSwift/Classes/Views/PPTableViewCell.swift; sourceTree = SOURCE_ROOT; };
		2259C60D1EF955D900893A40 /* PPTableViewCell.xib */ = {isa = PBXFileReference; fileEncoding = 4; lastKnownFileType = file.xib; name = PPTableViewCell.xib; path = PPBadgeViewSwift/Classes/Views/PPTableViewCell.xib; sourceTree = SOURCE_ROOT; };
		2259C6101EF9564B00893A40 /* PPNavigationController.swift */ = {isa = PBXFileReference; fileEncoding = 4; lastKnownFileType = sourcecode.swift; path = PPNavigationController.swift; sourceTree = "<group>"; };
		2297A13F1EF4FFB500868512 /* PPBadgeViewSwift.app */ = {isa = PBXFileReference; explicitFileType = wrapper.application; includeInIndex = 0; path = PPBadgeViewSwift.app; sourceTree = BUILT_PRODUCTS_DIR; };
		2297A1491EF4FFB500868512 /* Assets.xcassets */ = {isa = PBXFileReference; lastKnownFileType = folder.assetcatalog; path = Assets.xcassets; sourceTree = "<group>"; };
		2297A14C1EF4FFB500868512 /* Base */ = {isa = PBXFileReference; lastKnownFileType = file.storyboard; name = Base; path = Base.lproj/LaunchScreen.storyboard; sourceTree = "<group>"; };
		2297A14E1EF4FFB500868512 /* Info.plist */ = {isa = PBXFileReference; lastKnownFileType = text.plist.xml; path = Info.plist; sourceTree = "<group>"; };
		2297A1531EF4FFB500868512 /* PPBadgeViewSwiftTests.xctest */ = {isa = PBXFileReference; explicitFileType = wrapper.cfbundle; includeInIndex = 0; path = PPBadgeViewSwiftTests.xctest; sourceTree = BUILT_PRODUCTS_DIR; };
		2297A1571EF4FFB600868512 /* PPBadgeViewSwiftTests.swift */ = {isa = PBXFileReference; lastKnownFileType = sourcecode.swift; path = PPBadgeViewSwiftTests.swift; sourceTree = "<group>"; };
		2297A1591EF4FFB600868512 /* Info.plist */ = {isa = PBXFileReference; lastKnownFileType = text.plist.xml; path = Info.plist; sourceTree = "<group>"; };
		2297A18D1EF7FEF700868512 /* AppDelegate.swift */ = {isa = PBXFileReference; fileEncoding = 4; lastKnownFileType = sourcecode.swift; path = AppDelegate.swift; sourceTree = "<group>"; };
		2297A1901EF7FF3200868512 /* PPTabBarController.swift */ = {isa = PBXFileReference; fileEncoding = 4; lastKnownFileType = sourcecode.swift; path = PPTabBarController.swift; sourceTree = "<group>"; };
		2297A1921EF7FF6200868512 /* PPViewController1.swift */ = {isa = PBXFileReference; fileEncoding = 4; lastKnownFileType = sourcecode.swift; path = PPViewController1.swift; sourceTree = "<group>"; };
		2297A1931EF7FF6200868512 /* PPViewController1.xib */ = {isa = PBXFileReference; fileEncoding = 4; lastKnownFileType = file.xib; path = PPViewController1.xib; sourceTree = "<group>"; };
		2297A1961EF7FF7C00868512 /* PPViewController2.swift */ = {isa = PBXFileReference; fileEncoding = 4; lastKnownFileType = sourcecode.swift; path = PPViewController2.swift; sourceTree = "<group>"; };
		2297A1981EF7FF8C00868512 /* PPViewController3.swift */ = {isa = PBXFileReference; fileEncoding = 4; lastKnownFileType = sourcecode.swift; path = PPViewController3.swift; sourceTree = "<group>"; };
		2297A19A1EF7FF9A00868512 /* PPViewController4.swift */ = {isa = PBXFileReference; fileEncoding = 4; lastKnownFileType = sourcecode.swift; path = PPViewController4.swift; sourceTree = "<group>"; };
		22F186871EF8082D00C59CF7 /* PPBadgeLabel.swift */ = {isa = PBXFileReference; fileEncoding = 4; lastKnownFileType = sourcecode.swift; name = PPBadgeLabel.swift; path = ../../../PPBadgeView/swift/PPBadgeLabel.swift; sourceTree = "<group>"; };
		22F186891EF809DE00C59CF7 /* UIView+PPBadgeView.swift */ = {isa = PBXFileReference; fileEncoding = 4; lastKnownFileType = sourcecode.swift; name = "UIView+PPBadgeView.swift"; path = "../../../PPBadgeView/swift/UIView+PPBadgeView.swift"; sourceTree = "<group>"; };
		22F1868B1EF8238D00C59CF7 /* UIBarButtonItem+PPBadgeView.swift */ = {isa = PBXFileReference; fileEncoding = 4; lastKnownFileType = sourcecode.swift; name = "UIBarButtonItem+PPBadgeView.swift"; path = "../../../PPBadgeView/swift/UIBarButtonItem+PPBadgeView.swift"; sourceTree = "<group>"; };
		22F1868F1EF823BA00C59CF7 /* UITabBarItem+PPBadgeView.swift */ = {isa = PBXFileReference; fileEncoding = 4; lastKnownFileType = sourcecode.swift; name = "UITabBarItem+PPBadgeView.swift"; path = "../../../PPBadgeView/swift/UITabBarItem+PPBadgeView.swift"; sourceTree = "<group>"; };
/* End PBXFileReference section */

/* Begin PBXFrameworksBuildPhase section */
		2297A13C1EF4FFB500868512 /* Frameworks */ = {
			isa = PBXFrameworksBuildPhase;
			buildActionMask = 2147483647;
			files = (
			);
			runOnlyForDeploymentPostprocessing = 0;
		};
		2297A1501EF4FFB500868512 /* Frameworks */ = {
			isa = PBXFrameworksBuildPhase;
			buildActionMask = 2147483647;
			files = (
			);
			runOnlyForDeploymentPostprocessing = 0;
		};
/* End PBXFrameworksBuildPhase section */

/* Begin PBXGroup section */
		1D9552661EF915D50092CD47 /* Views */ = {
			isa = PBXGroup;
			children = (
				2259C60C1EF955D900893A40 /* PPTableViewCell.swift */,
				2259C60D1EF955D900893A40 /* PPTableViewCell.xib */,
			);
			name = Views;
			path = ../../../../../../../yiai/Desktop/GitHub/PPBadgeView/PPBadgeViewSwift/PPBadgeViewSwift/Classes/Views;
			sourceTree = "<group>";
		};
		2297A1361EF4FFB500868512 = {
			isa = PBXGroup;
			children = (
				2297A1411EF4FFB500868512 /* PPBadgeViewSwift */,
				2297A1561EF4FFB500868512 /* PPBadgeViewSwiftTests */,
				2297A1401EF4FFB500868512 /* Products */,
			);
			sourceTree = "<group>";
		};
		2297A1401EF4FFB500868512 /* Products */ = {
			isa = PBXGroup;
			children = (
				2297A13F1EF4FFB500868512 /* PPBadgeViewSwift.app */,
				2297A1531EF4FFB500868512 /* PPBadgeViewSwiftTests.xctest */,
			);
			name = Products;
			sourceTree = "<group>";
		};
		2297A1411EF4FFB500868512 /* PPBadgeViewSwift */ = {
			isa = PBXGroup;
			children = (
				2297A18A1EF7FEF700868512 /* Classes */,
				2297A1631EF4FFF600868512 /* Supporting Files */,
			);
			path = PPBadgeViewSwift;
			sourceTree = "<group>";
		};
		2297A1561EF4FFB500868512 /* PPBadgeViewSwiftTests */ = {
			isa = PBXGroup;
			children = (
				2297A1571EF4FFB600868512 /* PPBadgeViewSwiftTests.swift */,
				2297A1591EF4FFB600868512 /* Info.plist */,
			);
			path = PPBadgeViewSwiftTests;
			sourceTree = "<group>";
		};
		2297A1631EF4FFF600868512 /* Supporting Files */ = {
			isa = PBXGroup;
			children = (
				2297A1491EF4FFB500868512 /* Assets.xcassets */,
				2297A14B1EF4FFB500868512 /* LaunchScreen.storyboard */,
				2297A14E1EF4FFB500868512 /* Info.plist */,
			);
			name = "Supporting Files";
			sourceTree = "<group>";
		};
		2297A18A1EF7FEF700868512 /* Classes */ = {
			isa = PBXGroup;
			children = (
				22F186861EF8080300C59CF7 /* PPBadgeView */,
				1D9552661EF915D50092CD47 /* Views */,
				2297A18B1EF7FEF700868512 /* Controllers */,
				2297A18C1EF7FEF700868512 /* Main */,
			);
			path = Classes;
			sourceTree = "<group>";
		};
		2297A18B1EF7FEF700868512 /* Controllers */ = {
			isa = PBXGroup;
			children = (
				2297A1921EF7FF6200868512 /* PPViewController1.swift */,
				2297A1931EF7FF6200868512 /* PPViewController1.xib */,
				2297A1961EF7FF7C00868512 /* PPViewController2.swift */,
				2297A1981EF7FF8C00868512 /* PPViewController3.swift */,
				2297A19A1EF7FF9A00868512 /* PPViewController4.swift */,
			);
			path = Controllers;
			sourceTree = "<group>";
		};
		2297A18C1EF7FEF700868512 /* Main */ = {
			isa = PBXGroup;
			children = (
				2297A18D1EF7FEF700868512 /* AppDelegate.swift */,
				2297A1901EF7FF3200868512 /* PPTabBarController.swift */,
				2259C6101EF9564B00893A40 /* PPNavigationController.swift */,
			);
			path = Main;
			sourceTree = "<group>";
		};
		22F186861EF8080300C59CF7 /* PPBadgeView */ = {
			isa = PBXGroup;
			children = (
				22F186871EF8082D00C59CF7 /* PPBadgeLabel.swift */,
				22F186891EF809DE00C59CF7 /* UIView+PPBadgeView.swift */,
				22F1868B1EF8238D00C59CF7 /* UIBarButtonItem+PPBadgeView.swift */,
				22F1868F1EF823BA00C59CF7 /* UITabBarItem+PPBadgeView.swift */,
			);
			name = PPBadgeView;
			sourceTree = "<group>";
		};
/* End PBXGroup section */

/* Begin PBXNativeTarget section */
		2297A13E1EF4FFB500868512 /* PPBadgeViewSwift */ = {
			isa = PBXNativeTarget;
			buildConfigurationList = 2297A15C1EF4FFB600868512 /* Build configuration list for PBXNativeTarget "PPBadgeViewSwift" */;
			buildPhases = (
				2297A13B1EF4FFB500868512 /* Sources */,
				2297A13C1EF4FFB500868512 /* Frameworks */,
				2297A13D1EF4FFB500868512 /* Resources */,
			);
			buildRules = (
			);
			dependencies = (
			);
			name = PPBadgeViewSwift;
			productName = PPBadgeViewSwift;
			productReference = 2297A13F1EF4FFB500868512 /* PPBadgeViewSwift.app */;
			productType = "com.apple.product-type.application";
		};
		2297A1521EF4FFB500868512 /* PPBadgeViewSwiftTests */ = {
			isa = PBXNativeTarget;
			buildConfigurationList = 2297A15F1EF4FFB600868512 /* Build configuration list for PBXNativeTarget "PPBadgeViewSwiftTests" */;
			buildPhases = (
				2297A14F1EF4FFB500868512 /* Sources */,
				2297A1501EF4FFB500868512 /* Frameworks */,
				2297A1511EF4FFB500868512 /* Resources */,
			);
			buildRules = (
			);
			dependencies = (
				2297A1551EF4FFB500868512 /* PBXTargetDependency */,
			);
			name = PPBadgeViewSwiftTests;
			productName = PPBadgeViewSwiftTests;
			productReference = 2297A1531EF4FFB500868512 /* PPBadgeViewSwiftTests.xctest */;
			productType = "com.apple.product-type.bundle.unit-test";
		};
/* End PBXNativeTarget section */

/* Begin PBXProject section */
		2297A1371EF4FFB500868512 /* Project object */ = {
			isa = PBXProject;
			attributes = {
				LastSwiftUpdateCheck = 0830;
				LastUpgradeCheck = 0930;
				ORGANIZATIONNAME = AndyPang;
				TargetAttributes = {
					2297A13E1EF4FFB500868512 = {
						CreatedOnToolsVersion = 8.3.2;
						DevelopmentTeam = TZCSEQPMBH;
						LastSwiftMigration = 0830;
						ProvisioningStyle = Automatic;
					};
					2297A1521EF4FFB500868512 = {
						CreatedOnToolsVersion = 8.3.2;
						LastSwiftMigration = 0930;
						ProvisioningStyle = Automatic;
						TestTargetID = 2297A13E1EF4FFB500868512;
					};
				};
			};
			buildConfigurationList = 2297A13A1EF4FFB500868512 /* Build configuration list for PBXProject "PPBadgeViewSwift" */;
			compatibilityVersion = "Xcode 3.2";
			developmentRegion = English;
			hasScannedForEncodings = 0;
			knownRegions = (
				en,
				Base,
			);
			mainGroup = 2297A1361EF4FFB500868512;
			productRefGroup = 2297A1401EF4FFB500868512 /* Products */;
			projectDirPath = "";
			projectRoot = "";
			targets = (
				2297A13E1EF4FFB500868512 /* PPBadgeViewSwift */,
				2297A1521EF4FFB500868512 /* PPBadgeViewSwiftTests */,
			);
		};
/* End PBXProject section */

/* Begin PBXResourcesBuildPhase section */
		2297A13D1EF4FFB500868512 /* Resources */ = {
			isa = PBXResourcesBuildPhase;
			buildActionMask = 2147483647;
			files = (
				2297A1951EF7FF6200868512 /* PPViewController1.xib in Resources */,
				2297A14D1EF4FFB500868512 /* LaunchScreen.storyboard in Resources */,
				2297A14A1EF4FFB500868512 /* Assets.xcassets in Resources */,
				2259C60F1EF955D900893A40 /* PPTableViewCell.xib in Resources */,
			);
			runOnlyForDeploymentPostprocessing = 0;
		};
		2297A1511EF4FFB500868512 /* Resources */ = {
			isa = PBXResourcesBuildPhase;
			buildActionMask = 2147483647;
			files = (
			);
			runOnlyForDeploymentPostprocessing = 0;
		};
/* End PBXResourcesBuildPhase section */

/* Begin PBXSourcesBuildPhase section */
		2297A13B1EF4FFB500868512 /* Sources */ = {
			isa = PBXSourcesBuildPhase;
			buildActionMask = 2147483647;
			files = (
				2297A1941EF7FF6200868512 /* PPViewController1.swift in Sources */,
				22F186901EF823BA00C59CF7 /* UITabBarItem+PPBadgeView.swift in Sources */,
				2259C60E1EF955D900893A40 /* PPTableViewCell.swift in Sources */,
				2259C6111EF9564B00893A40 /* PPNavigationController.swift in Sources */,
				22F1868C1EF8238D00C59CF7 /* UIBarButtonItem+PPBadgeView.swift in Sources */,
				22F186881EF8082D00C59CF7 /* PPBadgeLabel.swift in Sources */,
				2297A18F1EF7FEF700868512 /* AppDelegate.swift in Sources */,
				2297A1991EF7FF8C00868512 /* PPViewController3.swift in Sources */,
				2297A1911EF7FF3200868512 /* PPTabBarController.swift in Sources */,
				22F1868A1EF809DE00C59CF7 /* UIView+PPBadgeView.swift in Sources */,
				2297A1971EF7FF7C00868512 /* PPViewController2.swift in Sources */,
				2297A19B1EF7FF9A00868512 /* PPViewController4.swift in Sources */,
			);
			runOnlyForDeploymentPostprocessing = 0;
		};
		2297A14F1EF4FFB500868512 /* Sources */ = {
			isa = PBXSourcesBuildPhase;
			buildActionMask = 2147483647;
			files = (
				2297A1581EF4FFB600868512 /* PPBadgeViewSwiftTests.swift in Sources */,
			);
			runOnlyForDeploymentPostprocessing = 0;
		};
/* End PBXSourcesBuildPhase section */

/* Begin PBXTargetDependency section */
		2297A1551EF4FFB500868512 /* PBXTargetDependency */ = {
			isa = PBXTargetDependency;
			target = 2297A13E1EF4FFB500868512 /* PPBadgeViewSwift */;
			targetProxy = 2297A1541EF4FFB500868512 /* PBXContainerItemProxy */;
		};
/* End PBXTargetDependency section */

/* Begin PBXVariantGroup section */
		2297A14B1EF4FFB500868512 /* LaunchScreen.storyboard */ = {
			isa = PBXVariantGroup;
			children = (
				2297A14C1EF4FFB500868512 /* Base */,
			);
			name = LaunchScreen.storyboard;
			sourceTree = "<group>";
		};
/* End PBXVariantGroup section */

/* Begin XCBuildConfiguration section */
		2297A15A1EF4FFB600868512 /* Debug */ = {
			isa = XCBuildConfiguration;
			buildSettings = {
				ALWAYS_SEARCH_USER_PATHS = NO;
				CLANG_ANALYZER_NONNULL = YES;
				CLANG_ANALYZER_NUMBER_OBJECT_CONVERSION = YES_AGGRESSIVE;
				CLANG_CXX_LANGUAGE_STANDARD = "gnu++0x";
				CLANG_CXX_LIBRARY = "libc++";
				CLANG_ENABLE_MODULES = YES;
				CLANG_ENABLE_OBJC_ARC = YES;
				CLANG_WARN_BLOCK_CAPTURE_AUTORELEASING = YES;
				CLANG_WARN_BOOL_CONVERSION = YES;
				CLANG_WARN_COMMA = YES;
				CLANG_WARN_CONSTANT_CONVERSION = YES;
				CLANG_WARN_DEPRECATED_OBJC_IMPLEMENTATIONS = YES;
				CLANG_WARN_DIRECT_OBJC_ISA_USAGE = YES_ERROR;
				CLANG_WARN_DOCUMENTATION_COMMENTS = YES;
				CLANG_WARN_EMPTY_BODY = YES;
				CLANG_WARN_ENUM_CONVERSION = YES;
				CLANG_WARN_INFINITE_RECURSION = YES;
				CLANG_WARN_INT_CONVERSION = YES;
				CLANG_WARN_NON_LITERAL_NULL_CONVERSION = YES;
				CLANG_WARN_OBJC_IMPLICIT_RETAIN_SELF = YES;
				CLANG_WARN_OBJC_LITERAL_CONVERSION = YES;
				CLANG_WARN_OBJC_ROOT_CLASS = YES_ERROR;
				CLANG_WARN_RANGE_LOOP_ANALYSIS = YES;
				CLANG_WARN_STRICT_PROTOTYPES = YES;
				CLANG_WARN_SUSPICIOUS_MOVE = YES;
				CLANG_WARN_UNREACHABLE_CODE = YES;
				CLANG_WARN__DUPLICATE_METHOD_MATCH = YES;
				"CODE_SIGN_IDENTITY[sdk=iphoneos*]" = "iPhone Developer";
				COPY_PHASE_STRIP = NO;
				DEBUG_INFORMATION_FORMAT = dwarf;
				ENABLE_STRICT_OBJC_MSGSEND = YES;
				ENABLE_TESTABILITY = YES;
				GCC_C_LANGUAGE_STANDARD = gnu99;
				GCC_DYNAMIC_NO_PIC = NO;
				GCC_NO_COMMON_BLOCKS = YES;
				GCC_OPTIMIZATION_LEVEL = 0;
				GCC_PREPROCESSOR_DEFINITIONS = (
					"DEBUG=1",
					"$(inherited)",
				);
				GCC_WARN_64_TO_32_BIT_CONVERSION = YES;
				GCC_WARN_ABOUT_RETURN_TYPE = YES_ERROR;
				GCC_WARN_UNDECLARED_SELECTOR = YES;
				GCC_WARN_UNINITIALIZED_AUTOS = YES_AGGRESSIVE;
				GCC_WARN_UNUSED_FUNCTION = YES;
				GCC_WARN_UNUSED_VARIABLE = YES;
				IPHONEOS_DEPLOYMENT_TARGET = 10.3;
				MTL_ENABLE_DEBUG_INFO = YES;
				ONLY_ACTIVE_ARCH = YES;
				SDKROOT = iphoneos;
				SWIFT_ACTIVE_COMPILATION_CONDITIONS = DEBUG;
				SWIFT_OPTIMIZATION_LEVEL = "-Onone";
			};
			name = Debug;
		};
		2297A15B1EF4FFB600868512 /* Release */ = {
			isa = XCBuildConfiguration;
			buildSettings = {
				ALWAYS_SEARCH_USER_PATHS = NO;
				CLANG_ANALYZER_NONNULL = YES;
				CLANG_ANALYZER_NUMBER_OBJECT_CONVERSION = YES_AGGRESSIVE;
				CLANG_CXX_LANGUAGE_STANDARD = "gnu++0x";
				CLANG_CXX_LIBRARY = "libc++";
				CLANG_ENABLE_MODULES = YES;
				CLANG_ENABLE_OBJC_ARC = YES;
				CLANG_WARN_BLOCK_CAPTURE_AUTORELEASING = YES;
				CLANG_WARN_BOOL_CONVERSION = YES;
				CLANG_WARN_COMMA = YES;
				CLANG_WARN_CONSTANT_CONVERSION = YES;
				CLANG_WARN_DEPRECATED_OBJC_IMPLEMENTATIONS = YES;
				CLANG_WARN_DIRECT_OBJC_ISA_USAGE = YES_ERROR;
				CLANG_WARN_DOCUMENTATION_COMMENTS = YES;
				CLANG_WARN_EMPTY_BODY = YES;
				CLANG_WARN_ENUM_CONVERSION = YES;
				CLANG_WARN_INFINITE_RECURSION = YES;
				CLANG_WARN_INT_CONVERSION = YES;
				CLANG_WARN_NON_LITERAL_NULL_CONVERSION = YES;
				CLANG_WARN_OBJC_IMPLICIT_RETAIN_SELF = YES;
				CLANG_WARN_OBJC_LITERAL_CONVERSION = YES;
				CLANG_WARN_OBJC_ROOT_CLASS = YES_ERROR;
				CLANG_WARN_RANGE_LOOP_ANALYSIS = YES;
				CLANG_WARN_STRICT_PROTOTYPES = YES;
				CLANG_WARN_SUSPICIOUS_MOVE = YES;
				CLANG_WARN_UNREACHABLE_CODE = YES;
				CLANG_WARN__DUPLICATE_METHOD_MATCH = YES;
				"CODE_SIGN_IDENTITY[sdk=iphoneos*]" = "iPhone Developer";
				COPY_PHASE_STRIP = NO;
				DEBUG_INFORMATION_FORMAT = "dwarf-with-dsym";
				ENABLE_NS_ASSERTIONS = NO;
				ENABLE_STRICT_OBJC_MSGSEND = YES;
				GCC_C_LANGUAGE_STANDARD = gnu99;
				GCC_NO_COMMON_BLOCKS = YES;
				GCC_WARN_64_TO_32_BIT_CONVERSION = YES;
				GCC_WARN_ABOUT_RETURN_TYPE = YES_ERROR;
				GCC_WARN_UNDECLARED_SELECTOR = YES;
				GCC_WARN_UNINITIALIZED_AUTOS = YES_AGGRESSIVE;
				GCC_WARN_UNUSED_FUNCTION = YES;
				GCC_WARN_UNUSED_VARIABLE = YES;
				IPHONEOS_DEPLOYMENT_TARGET = 10.3;
				MTL_ENABLE_DEBUG_INFO = NO;
				SDKROOT = iphoneos;
				SWIFT_OPTIMIZATION_LEVEL = "-Owholemodule";
				VALIDATE_PRODUCT = YES;
			};
			name = Release;
		};
		2297A15D1EF4FFB600868512 /* Debug */ = {
			isa = XCBuildConfiguration;
			buildSettings = {
				ASSETCATALOG_COMPILER_APPICON_NAME = AppIcon;
				CLANG_ENABLE_MODULES = YES;
				DEVELOPMENT_TEAM = TZCSEQPMBH;
				INFOPLIST_FILE = PPBadgeViewSwift/Info.plist;
				IPHONEOS_DEPLOYMENT_TARGET = 8.0;
				LD_RUNPATH_SEARCH_PATHS = "$(inherited) @executable_path/Frameworks";
				PRODUCT_BUNDLE_IDENTIFIER = com.jkpang.PPBadgeViewSwift;
				PRODUCT_NAME = "$(TARGET_NAME)";
				SWIFT_OPTIMIZATION_LEVEL = "-Onone";
				SWIFT_VERSION = 4.0;
			};
			name = Debug;
		};
		2297A15E1EF4FFB600868512 /* Release */ = {
			isa = XCBuildConfiguration;
			buildSettings = {
				ASSETCATALOG_COMPILER_APPICON_NAME = AppIcon;
				CLANG_ENABLE_MODULES = YES;
				DEVELOPMENT_TEAM = TZCSEQPMBH;
				INFOPLIST_FILE = PPBadgeViewSwift/Info.plist;
				IPHONEOS_DEPLOYMENT_TARGET = 8.0;
				LD_RUNPATH_SEARCH_PATHS = "$(inherited) @executable_path/Frameworks";
				PRODUCT_BUNDLE_IDENTIFIER = com.jkpang.PPBadgeViewSwift;
				PRODUCT_NAME = "$(TARGET_NAME)";
				SWIFT_VERSION = 4.0;
			};
			name = Release;
		};
		2297A1601EF4FFB600868512 /* Debug */ = {
			isa = XCBuildConfiguration;
			buildSettings = {
				ALWAYS_EMBED_SWIFT_STANDARD_LIBRARIES = YES;
				BUNDLE_LOADER = "$(TEST_HOST)";
				INFOPLIST_FILE = PPBadgeViewSwiftTests/Info.plist;
				LD_RUNPATH_SEARCH_PATHS = "$(inherited) @executable_path/Frameworks @loader_path/Frameworks";
				PRODUCT_BUNDLE_IDENTIFIER = com.jkpang.PPBadgeViewSwiftTests;
				PRODUCT_NAME = "$(TARGET_NAME)";
				SWIFT_SWIFT3_OBJC_INFERENCE = On;
				SWIFT_VERSION = 4.0;
				TEST_HOST = "$(BUILT_PRODUCTS_DIR)/PPBadgeViewSwift.app/PPBadgeViewSwift";
			};
			name = Debug;
		};
		2297A1611EF4FFB600868512 /* Release */ = {
			isa = XCBuildConfiguration;
			buildSettings = {
				ALWAYS_EMBED_SWIFT_STANDARD_LIBRARIES = YES;
				BUNDLE_LOADER = "$(TEST_HOST)";
				INFOPLIST_FILE = PPBadgeViewSwiftTests/Info.plist;
				LD_RUNPATH_SEARCH_PATHS = "$(inherited) @executable_path/Frameworks @loader_path/Frameworks";
				PRODUCT_BUNDLE_IDENTIFIER = com.jkpang.PPBadgeViewSwiftTests;
				PRODUCT_NAME = "$(TARGET_NAME)";
				SWIFT_SWIFT3_OBJC_INFERENCE = On;
				SWIFT_VERSION = 4.0;
				TEST_HOST = "$(BUILT_PRODUCTS_DIR)/PPBadgeViewSwift.app/PPBadgeViewSwift";
			};
			name = Release;
		};
/* End XCBuildConfiguration section */

/* Begin XCConfigurationList section */
		2297A13A1EF4FFB500868512 /* Build configuration list for PBXProject "PPBadgeViewSwift" */ = {
			isa = XCConfigurationList;
			buildConfigurations = (
				2297A15A1EF4FFB600868512 /* Debug */,
				2297A15B1EF4FFB600868512 /* Release */,
			);
			defaultConfigurationIsVisible = 0;
			defaultConfigurationName = Release;
		};
		2297A15C1EF4FFB600868512 /* Build configuration list for PBXNativeTarget "PPBadgeViewSwift" */ = {
			isa = XCConfigurationList;
			buildConfigurations = (
				2297A15D1EF4FFB600868512 /* Debug */,
				2297A15E1EF4FFB600868512 /* Release */,
			);
			defaultConfigurationIsVisible = 0;
			defaultConfigurationName = Release;
		};
		2297A15F1EF4FFB600868512 /* Build configuration list for PBXNativeTarget "PPBadgeViewSwiftTests" */ = {
			isa = XCConfigurationList;
			buildConfigurations = (
				2297A1601EF4FFB600868512 /* Debug */,
				2297A1611EF4FFB600868512 /* Release */,
			);
			defaultConfigurationIsVisible = 0;
			defaultConfigurationName = Release;
		};
/* End XCConfigurationList section */
	};
	rootObject = 2297A1371EF4FFB500868512 /* Project object */;
}
